# generated by rye
# use `rye lock` or `rye sync` to update this lockfile
#
# last locked with the following flags:
#   pre: false
#   features: []
#   all-features: false
#   with-sources: false
#   generate-hashes: false
#   universal: false

anyio==4.6.0
    # via watchfiles
argon2-cffi==23.1.0
argon2-cffi-bindings==21.2.0
    # via argon2-cffi
asgiref==3.8.1
    # via django
    # via django-cors-headers
attrs==24.2.0
    # via jsonschema
    # via referencing
cffi==1.17.1
    # via argon2-cffi-bindings
click==8.1.7
    # via uvicorn
crispy-bootstrap5==2024.10
django==5.0.9
    # via crispy-bootstrap5
    # via django-appconf
    # via django-compressor
    # via django-cors-headers
    # via django-crispy-forms
    # via django-model-utils
    # via djangorestframework
    # via drf-spectacular
django-appconf==1.0.6
    # via django-compressor
django-compressor==4.5.1
django-cors-headers==4.4.0
django-crispy-forms==2.3
    # via crispy-bootstrap5
django-environ==0.11.2
django-model-utils==5.0.0
djangorestframework==3.15.2
    # via drf-spectacular
drf-spectacular==0.27.2
gunicorn==23.0.0
    # via uvicorn-worker
h11==0.14.0
    # via uvicorn
httptools==0.6.1
    # via uvicorn
idna==3.10
    # via anyio
inflection==0.5.1
    # via drf-spectacular
jsonschema==4.23.0
    # via drf-spectacular
jsonschema-specifications==2024.10.1
    # via jsonschema
lxml==5.3.0
packaging==24.1
    # via gunicorn
psycopg==3.2.3
psycopg-c==3.2.3
    # via psycopg
pycparser==2.22
    # via cffi
python-dotenv==1.0.1
    # via uvicorn
pyyaml==6.0.2
    # via drf-spectacular
    # via uvicorn
rcssmin==1.1.2
    # via django-compressor
referencing==0.35.1
    # via jsonschema
    # via jsonschema-specifications
rjsmin==1.2.2
    # via django-compressor
rpds-py==0.20.0
    # via jsonschema
    # via referencing
sniffio==1.3.1
    # via anyio
sqlparse==0.5.1
    # via django
typing-extensions==4.12.2
    # via psycopg
uritemplate==4.1.1
    # via drf-spectacular
uvicorn==0.31.0
    # via uvicorn-worker
uvicorn-worker==0.2.0
uvloop==0.20.0
    # via uvicorn
watchfiles==0.24.0
    # via uvicorn
websockets==13.1
    # via uvicorn
whitenoise==6.7.0
